
Microsoft Visual Studio Solution File, Format Version 12.00
# Visual Studio Version 17
VisualStudioVersion = 17.9.34728.123
MinimumVisualStudioVersion = 10.0.40219.1
Project("{FAE04EC0-301F-11D3-BF4B-00C04F79EFBC}") = "XcelTech.HRMS.Bloc", "XcelTech.HRMS.Bloc\XcelTech.HRMS.Bloc.csproj", "{893B7898-3342-43F4-94F0-1054208EA8FE}"
EndProject
Project("{FAE04EC0-301F-11D3-BF4B-00C04F79EFBC}") = "XcelTech.HRMS.Repo", "XcelTech.HRMS.Repo\XcelTech.HRMS.Repo.csproj", "{1F1361CF-BF73-4B15-AB0B-D38EAD184528}"
EndProject
Project("{FAE04EC0-301F-11D3-BF4B-00C04F79EFBC}") = "XcelTech.HRMS.Api", "XcelTech.HRMS.Api\XcelTech.HRMS.Api.csproj", "{17C871AF-E862-4A03-B23E-1207BFC35073}"
EndProject
Project("{FAE04EC0-301F-11D3-BF4B-00C04F79EFBC}") = "XcelTech.HRMS.Helper", "XcelTech.HRMS.Helper\XcelTech.HRMS.Helper.csproj", "{13DC2B95-E759-40E8-9F6B-4618CCC042DC}"
EndProject
Project("{FAE04EC0-301F-11D3-BF4B-00C04F79EFBC}") = "XcelTech.HRMS.Model", "XcelTech.HRMS.Model\XcelTech.HRMS.Model.csproj", "{E8616F2C-92CC-4E10-A52B-E96EE6320083}"
EndProject
Global
	GlobalSection(SolutionConfigurationPlatforms) = preSolution
		Debug|Any CPU = Debug|Any CPU
		Release|Any CPU = Release|Any CPU
	EndGlobalSection
	GlobalSection(ProjectConfigurationPlatforms) = postSolution
		{893B7898-3342-43F4-94F0-1054208EA8FE}.Debug|Any CPU.ActiveCfg = Debug|Any CPU
		{893B7898-3342-43F4-94F0-1054208EA8FE}.Debug|Any CPU.Build.0 = Debug|Any CPU
		{893B7898-3342-43F4-94F0-1054208EA8FE}.Release|Any CPU.ActiveCfg = Release|Any CPU
		{893B7898-3342-43F4-94F0-1054208EA8FE}.Release|Any CPU.Build.0 = Release|Any CPU
		{1F1361CF-BF73-4B15-AB0B-D38EAD184528}.Debug|Any CPU.ActiveCfg = Debug|Any CPU
		{1F1361CF-BF73-4B15-AB0B-D38EAD184528}.Debug|Any CPU.Build.0 = Debug|Any CPU
		{1F1361CF-BF73-4B15-AB0B-D38EAD184528}.Release|Any CPU.ActiveCfg = Release|Any CPU
		{1F1361CF-BF73-4B15-AB0B-D38EAD184528}.Release|Any CPU.Build.0 = Release|Any CPU
		{17C871AF-E862-4A03-B23E-1207BFC35073}.Debug|Any CPU.ActiveCfg = Debug|Any CPU
		{17C871AF-E862-4A03-B23E-1207BFC35073}.Debug|Any CPU.Build.0 = Debug|Any CPU
		{17C871AF-E862-4A03-B23E-1207BFC35073}.Release|Any CPU.ActiveCfg = Release|Any CPU
		{17C871AF-E862-4A03-B23E-1207BFC35073}.Release|Any CPU.Build.0 = Release|Any CPU
		{13DC2B95-E759-40E8-9F6B-4618CCC042DC}.Debug|Any CPU.ActiveCfg = Debug|Any CPU
		{13DC2B95-E759-40E8-9F6B-4618CCC042DC}.Debug|Any CPU.Build.0 = Debug|Any CPU
		{13DC2B95-E759-40E8-9F6B-4618CCC042DC}.Release|Any CPU.ActiveCfg = Release|Any CPU
		{13DC2B95-E759-40E8-9F6B-4618CCC042DC}.Release|Any CPU.Build.0 = Release|Any CPU
		{E8616F2C-92CC-4E10-A52B-E96EE6320083}.Debug|Any CPU.ActiveCfg = Debug|Any CPU
		{E8616F2C-92CC-4E10-A52B-E96EE6320083}.Debug|Any CPU.Build.0 = Debug|Any CPU
		{E8616F2C-92CC-4E10-A52B-E96EE6320083}.Release|Any CPU.ActiveCfg = Release|Any CPU
		{E8616F2C-92CC-4E10-A52B-E96EE6320083}.Release|Any CPU.Build.0 = Release|Any CPU
	EndGlobalSection
	GlobalSection(SolutionProperties) = preSolution
		HideSolutionNode = FALSE
	EndGlobalSection
	GlobalSection(ExtensibilityGlobals) = postSolution
		SolutionGuid = {E4A8AF95-45EB-4255-8C46-AD53D25F4294}
	EndGlobalSection
EndGlobal
